// !$*UTF8*$!
{
	archiveVersion = 1;
	classes = {
	};
	objectVersion = 46;
	objects = {

/* Begin PBXBuildFile section */
		00E88F981ED7E7210058B783 /* main.m in Sources */ = {isa = PBXBuildFile; fileRef = 00E88F971ED7E7210058B783 /* main.m */; };
		00E88F9B1ED7E7210058B783 /* AppDelegate.m in Sources */ = {isa = PBXBuildFile; fileRef = 00E88F9A1ED7E7210058B783 /* AppDelegate.m */; };
		00E88F9E1ED7E7210058B783 /* ViewController.m in Sources */ = {isa = PBXBuildFile; fileRef = 00E88F9D1ED7E7210058B783 /* ViewController.m */; };
		00E88FA11ED7E7210058B783 /* Main.storyboard in Resources */ = {isa = PBXBuildFile; fileRef = 00E88F9F1ED7E7210058B783 /* Main.storyboard */; };
		00E88FA31ED7E7210058B783 /* Assets.xcassets in Resources */ = {isa = PBXBuildFile; fileRef = 00E88FA21ED7E7210058B783 /* Assets.xcassets */; };
		00E88FA61ED7E7210058B783 /* LaunchScreen.storyboard in Resources */ = {isa = PBXBuildFile; fileRef = 00E88FA41ED7E7210058B783 /* LaunchScreen.storyboard */; };
		00E88FB11ED7E7210058B783 /* tmp3Tests.m in Sources */ = {isa = PBXBuildFile; fileRef = 00E88FB01ED7E7210058B783 /* tmp3Tests.m */; };
		00E88FBC1ED7E7210058B783 /* tmp3UITests.m in Sources */ = {isa = PBXBuildFile; fileRef = 00E88FBB1ED7E7210058B783 /* tmp3UITests.m */; };
		00E88FCF1ED806000058B783 /* IDULabel.m in Sources */ = {isa = PBXBuildFile; fileRef = 00E88FCC1ED806000058B783 /* IDULabel.m */; };
		00E88FD01ED806000058B783 /* IDULabelUtilities.m in Sources */ = {isa = PBXBuildFile; fileRef = 00E88FCE1ED806000058B783 /* IDULabelUtilities.m */; };
		00E88FD71ED806290058B783 /* IDULabel.png in Resources */ = {isa = PBXBuildFile; fileRef = 00E88FD61ED806290058B783 /* IDULabel.png */; };
		00E88FD91ED80E070058B783 /* 预览图片.png in Resources */ = {isa = PBXBuildFile; fileRef = 00E88FD81ED80E070058B783 /* 预览图片.png */; };
		00EE2E361ED98AA40066D81A /* RunTrace.m in Sources */ = {isa = PBXBuildFile; fileRef = 00EE2E321ED98AA40066D81A /* RunTrace.m */; };
		00EE2E371ED98AA40066D81A /* RunTraceHelp.m in Sources */ = {isa = PBXBuildFile; fileRef = 00EE2E341ED98AA40066D81A /* RunTraceHelp.m */; };
		00EE2E381ED98AA40066D81A /* RunTraceHelp.xib in Resources */ = {isa = PBXBuildFile; fileRef = 00EE2E351ED98AA40066D81A /* RunTraceHelp.xib */; };
		3A96989DEAD810C831DC981D /* libPods-tmp3.a in Frameworks */ = {isa = PBXBuildFile; fileRef = 24BFDFFB37B41FCD7858F3D5 /* libPods-tmp3.a */; };
		5BB872CB3E0CF425EFBAF67F /* libPods-tmp3UITests.a in Frameworks */ = {isa = PBXBuildFile; fileRef = E73468CB7056562CBB7BCF09 /* libPods-tmp3UITests.a */; };
		B5B4473896D046BB4E401E42 /* libPods-tmp3Tests.a in Frameworks */ = {isa = PBXBuildFile; fileRef = 0181F54A471DAD146422A2F7 /* libPods-tmp3Tests.a */; };
/* End PBXBuildFile section */

/* Begin PBXContainerItemProxy section */
		00E88FAD1ED7E7210058B783 /* PBXContainerItemProxy */ = {
			isa = PBXContainerItemProxy;
			containerPortal = 00E88F8B1ED7E7210058B783 /* Project object */;
			proxyType = 1;
			remoteGlobalIDString = 00E88F921ED7E7210058B783;
			remoteInfo = tmp3;
		};
		00E88FB81ED7E7210058B783 /* PBXContainerItemProxy */ = {
			isa = PBXContainerItemProxy;
			containerPortal = 00E88F8B1ED7E7210058B783 /* Project object */;
			proxyType = 1;
			remoteGlobalIDString = 00E88F921ED7E7210058B783;
			remoteInfo = tmp3;
		};
/* End PBXContainerItemProxy section */

/* Begin PBXFileReference section */
		00E88F931ED7E7210058B783 /* tmp3.app */ = {isa = PBXFileReference; explicitFileType = wrapper.application; includeInIndex = 0; path = tmp3.app; sourceTree = BUILT_PRODUCTS_DIR; };
		00E88F971ED7E7210058B783 /* main.m */ = {isa = PBXFileReference; lastKnownFileType = sourcecode.c.objc; path = main.m; sourceTree = "<group>"; };
		00E88F991ED7E7210058B783 /* AppDelegate.h */ = {isa = PBXFileReference; lastKnownFileType = sourcecode.c.h; path = AppDelegate.h; sourceTree = "<group>"; };
		00E88F9A1ED7E7210058B783 /* AppDelegate.m */ = {isa = PBXFileReference; lastKnownFileType = sourcecode.c.objc; path = AppDelegate.m; sourceTree = "<group>"; };
		00E88F9C1ED7E7210058B783 /* ViewController.h */ = {isa = PBXFileReference; lastKnownFileType = sourcecode.c.h; path = ViewController.h; sourceTree = "<group>"; };
		00E88F9D1ED7E7210058B783 /* ViewController.m */ = {isa = PBXFileReference; lastKnownFileType = sourcecode.c.objc; path = ViewController.m; sourceTree = "<group>"; };
		00E88FA01ED7E7210058B783 /* Base */ = {isa = PBXFileReference; lastKnownFileType = file.storyboard; name = Base; path = Base.lproj/Main.storyboard; sourceTree = "<group>"; };
		00E88FA21ED7E7210058B783 /* Assets.xcassets */ = {isa = PBXFileReference; lastKnownFileType = folder.assetcatalog; path = Assets.xcassets; sourceTree = "<group>"; };
		00E88FA51ED7E7210058B783 /* Base */ = {isa = PBXFileReference; lastKnownFileType = file.storyboard; name = Base; path = Base.lproj/LaunchScreen.storyboard; sourceTree = "<group>"; };
		00E88FA71ED7E7210058B783 /* Info.plist */ = {isa = PBXFileReference; lastKnownFileType = text.plist.xml; path = Info.plist; sourceTree = "<group>"; };
		00E88FAC1ED7E7210058B783 /* tmp3Tests.xctest */ = {isa = PBXFileReference; explicitFileType = wrapper.cfbundle; includeInIndex = 0; path = tmp3Tests.xctest; sourceTree = BUILT_PRODUCTS_DIR; };
		00E88FB01ED7E7210058B783 /* tmp3Tests.m */ = {isa = PBXFileReference; lastKnownFileType = sourcecode.c.objc; path = tmp3Tests.m; sourceTree = "<group>"; };
		00E88FB21ED7E7210058B783 /* Info.plist */ = {isa = PBXFileReference; lastKnownFileType = text.plist.xml; path = Info.plist; sourceTree = "<group>"; };
		00E88FB71ED7E7210058B783 /* tmp3UITests.xctest */ = {isa = PBXFileReference; explicitFileType = wrapper.cfbundle; includeInIndex = 0; path = tmp3UITests.xctest; sourceTree = BUILT_PRODUCTS_DIR; };
		00E88FBB1ED7E7210058B783 /* tmp3UITests.m */ = {isa = PBXFileReference; lastKnownFileType = sourcecode.c.objc; path = tmp3UITests.m; sourceTree = "<group>"; };
		00E88FBD1ED7E7210058B783 /* Info.plist */ = {isa = PBXFileReference; lastKnownFileType = text.plist.xml; path = Info.plist; sourceTree = "<group>"; };
		00E88FCB1ED806000058B783 /* IDULabel.h */ = {isa = PBXFileReference; fileEncoding = 4; lastKnownFileType = sourcecode.c.h; path = IDULabel.h; sourceTree = "<group>"; };
		00E88FCC1ED806000058B783 /* IDULabel.m */ = {isa = PBXFileReference; fileEncoding = 4; lastKnownFileType = sourcecode.c.objc; path = IDULabel.m; sourceTree = "<group>"; };
		00E88FCD1ED806000058B783 /* IDULabelUtilities.h */ = {isa = PBXFileReference; fileEncoding = 4; lastKnownFileType = sourcecode.c.h; path = IDULabelUtilities.h; sourceTree = "<group>"; };
		00E88FCE1ED806000058B783 /* IDULabelUtilities.m */ = {isa = PBXFileReference; fileEncoding = 4; lastKnownFileType = sourcecode.c.objc; path = IDULabelUtilities.m; sourceTree = "<group>"; };
		00E88FD61ED806290058B783 /* IDULabel.png */ = {isa = PBXFileReference; lastKnownFileType = image.png; path = IDULabel.png; sourceTree = "<group>"; };
		00E88FD81ED80E070058B783 /* 预览图片.png */ = {isa = PBXFileReference; lastKnownFileType = image.png; path = "预览图片.png"; sourceTree = "<group>"; };
		00EE2E311ED98AA40066D81A /* RunTrace.h */ = {isa = PBXFileReference; fileEncoding = 4; lastKnownFileType = sourcecode.c.h; path = RunTrace.h; sourceTree = "<group>"; };
		00EE2E321ED98AA40066D81A /* RunTrace.m */ = {isa = PBXFileReference; fileEncoding = 4; lastKnownFileType = sourcecode.c.objc; path = RunTrace.m; sourceTree = "<group>"; };
		00EE2E331ED98AA40066D81A /* RunTraceHelp.h */ = {isa = PBXFileReference; fileEncoding = 4; lastKnownFileType = sourcecode.c.h; path = RunTraceHelp.h; sourceTree = "<group>"; };
		00EE2E341ED98AA40066D81A /* RunTraceHelp.m */ = {isa = PBXFileReference; fileEncoding = 4; lastKnownFileType = sourcecode.c.objc; path = RunTraceHelp.m; sourceTree = "<group>"; };
		00EE2E351ED98AA40066D81A /* RunTraceHelp.xib */ = {isa = PBXFileReference; fileEncoding = 4; lastKnownFileType = file.xib; path = RunTraceHelp.xib; sourceTree = "<group>"; };
		0181F54A471DAD146422A2F7 /* libPods-tmp3Tests.a */ = {isa = PBXFileReference; explicitFileType = archive.ar; includeInIndex = 0; path = "libPods-tmp3Tests.a"; sourceTree = BUILT_PRODUCTS_DIR; };
		24BFDFFB37B41FCD7858F3D5 /* libPods-tmp3.a */ = {isa = PBXFileReference; explicitFileType = archive.ar; includeInIndex = 0; path = "libPods-tmp3.a"; sourceTree = BUILT_PRODUCTS_DIR; };
		53530994CD3E65B50B7E0A4A /* Pods-tmp3UITests.debug.xcconfig */ = {isa = PBXFileReference; includeInIndex = 1; lastKnownFileType = text.xcconfig; name = "Pods-tmp3UITests.debug.xcconfig"; path = "Pods/Target Support Files/Pods-tmp3UITests/Pods-tmp3UITests.debug.xcconfig"; sourceTree = "<group>"; };
		985618A877A249F0E08BF1F4 /* Pods-tmp3.debug.xcconfig */ = {isa = PBXFileReference; includeInIndex = 1; lastKnownFileType = text.xcconfig; name = "Pods-tmp3.debug.xcconfig"; path = "Pods/Target Support Files/Pods-tmp3/Pods-tmp3.debug.xcconfig"; sourceTree = "<group>"; };
		DFE52A1458A58D2B2608DD08 /* Pods-tmp3UITests.release.xcconfig */ = {isa = PBXFileReference; includeInIndex = 1; lastKnownFileType = text.xcconfig; name = "Pods-tmp3UITests.release.xcconfig"; path = "Pods/Target Support Files/Pods-tmp3UITests/Pods-tmp3UITests.release.xcconfig"; sourceTree = "<group>"; };
		E73468CB7056562CBB7BCF09 /* libPods-tmp3UITests.a */ = {isa = PBXFileReference; explicitFileType = archive.ar; includeInIndex = 0; path = "libPods-tmp3UITests.a"; sourceTree = BUILT_PRODUCTS_DIR; };
		F4E9267B9943515CB07E57CB /* Pods-tmp3Tests.debug.xcconfig */ = {isa = PBXFileReference; includeInIndex = 1; lastKnownFileType = text.xcconfig; name = "Pods-tmp3Tests.debug.xcconfig"; path = "Pods/Target Support Files/Pods-tmp3Tests/Pods-tmp3Tests.debug.xcconfig"; sourceTree = "<group>"; };
		F86A9F6A10E6369D1B7DF755 /* Pods-tmp3.release.xcconfig */ = {isa = PBXFileReference; includeInIndex = 1; lastKnownFileType = text.xcconfig; name = "Pods-tmp3.release.xcconfig"; path = "Pods/Target Support Files/Pods-tmp3/Pods-tmp3.release.xcconfig"; sourceTree = "<group>"; };
		FFBD8988329250F88878CD19 /* Pods-tmp3Tests.release.xcconfig */ = {isa = PBXFileReference; includeInIndex = 1; lastKnownFileType = text.xcconfig; name = "Pods-tmp3Tests.release.xcconfig"; path = "Pods/Target Support Files/Pods-tmp3Tests/Pods-tmp3Tests.release.xcconfig"; sourceTree = "<group>"; };
/* End PBXFileReference section */

/* Begin PBXFrameworksBuildPhase section */
		00E88F901ED7E7210058B783 /* Frameworks */ = {
			isa = PBXFrameworksBuildPhase;
			buildActionMask = 2147483647;
			files = (
				3A96989DEAD810C831DC981D /* libPods-tmp3.a in Frameworks */,
			);
			runOnlyForDeploymentPostprocessing = 0;
		};
		00E88FA91ED7E7210058B783 /* Frameworks */ = {
			isa = PBXFrameworksBuildPhase;
			buildActionMask = 2147483647;
			files = (
				B5B4473896D046BB4E401E42 /* libPods-tmp3Tests.a in Frameworks */,
			);
			runOnlyForDeploymentPostprocessing = 0;
		};
		00E88FB41ED7E7210058B783 /* Frameworks */ = {
			isa = PBXFrameworksBuildPhase;
			buildActionMask = 2147483647;
			files = (
				5BB872CB3E0CF425EFBAF67F /* libPods-tmp3UITests.a in Frameworks */,
			);
			runOnlyForDeploymentPostprocessing = 0;
		};
/* End PBXFrameworksBuildPhase section */

/* Begin PBXGroup section */
		00E88F8A1ED7E7210058B783 = {
			isa = PBXGroup;
			children = (
				00E88F951ED7E7210058B783 /* tmp3 */,
				00E88FAF1ED7E7210058B783 /* tmp3Tests */,
				00E88FBA1ED7E7210058B783 /* tmp3UITests */,
				00E88F941ED7E7210058B783 /* Products */,
				4B9A38B154881DF742C26DD0 /* Pods */,
				1DB86F321F5D0ECF69F5813C /* Frameworks */,
			);
			sourceTree = "<group>";
		};
		00E88F941ED7E7210058B783 /* Products */ = {
			isa = PBXGroup;
			children = (
				00E88F931ED7E7210058B783 /* tmp3.app */,
				00E88FAC1ED7E7210058B783 /* tmp3Tests.xctest */,
				00E88FB71ED7E7210058B783 /* tmp3UITests.xctest */,
			);
			name = Products;
			sourceTree = "<group>";
		};
		00E88F951ED7E7210058B783 /* tmp3 */ = {
			isa = PBXGroup;
			children = (
				00EE2E301ED98A9B0066D81A /* debug */,
				00E88FD81ED80E070058B783 /* 预览图片.png */,
				00E88FCB1ED806000058B783 /* IDULabel.h */,
				00E88FCC1ED806000058B783 /* IDULabel.m */,
				00E88FCD1ED806000058B783 /* IDULabelUtilities.h */,
				00E88FCE1ED806000058B783 /* IDULabelUtilities.m */,
				00E88F991ED7E7210058B783 /* AppDelegate.h */,
				00E88F9A1ED7E7210058B783 /* AppDelegate.m */,
				00E88F9C1ED7E7210058B783 /* ViewController.h */,
				00E88F9D1ED7E7210058B783 /* ViewController.m */,
				00E88F9F1ED7E7210058B783 /* Main.storyboard */,
				00E88FD61ED806290058B783 /* IDULabel.png */,
				00E88FA21ED7E7210058B783 /* Assets.xcassets */,
				00E88FA41ED7E7210058B783 /* LaunchScreen.storyboard */,
				00E88FA71ED7E7210058B783 /* Info.plist */,
				00E88F961ED7E7210058B783 /* Supporting Files */,
			);
			path = tmp3;
			sourceTree = "<group>";
		};
		00E88F961ED7E7210058B783 /* Supporting Files */ = {
			isa = PBXGroup;
			children = (
				00E88F971ED7E7210058B783 /* main.m */,
			);
			name = "Supporting Files";
			sourceTree = "<group>";
		};
		00E88FAF1ED7E7210058B783 /* tmp3Tests */ = {
			isa = PBXGroup;
			children = (
				00E88FB01ED7E7210058B783 /* tmp3Tests.m */,
				00E88FB21ED7E7210058B783 /* Info.plist */,
			);
			path = tmp3Tests;
			sourceTree = "<group>";
		};
		00E88FBA1ED7E7210058B783 /* tmp3UITests */ = {
			isa = PBXGroup;
			children = (
				00E88FBB1ED7E7210058B783 /* tmp3UITests.m */,
				00E88FBD1ED7E7210058B783 /* Info.plist */,
			);
			path = tmp3UITests;
			sourceTree = "<group>";
		};
		00EE2E301ED98A9B0066D81A /* debug */ = {
			isa = PBXGroup;
			children = (
				00EE2E311ED98AA40066D81A /* RunTrace.h */,
				00EE2E321ED98AA40066D81A /* RunTrace.m */,
				00EE2E331ED98AA40066D81A /* RunTraceHelp.h */,
				00EE2E341ED98AA40066D81A /* RunTraceHelp.m */,
				00EE2E351ED98AA40066D81A /* RunTraceHelp.xib */,
			);
			name = debug;
			sourceTree = "<group>";
		};
		1DB86F321F5D0ECF69F5813C /* Frameworks */ = {
			isa = PBXGroup;
			children = (
				24BFDFFB37B41FCD7858F3D5 /* libPods-tmp3.a */,
				0181F54A471DAD146422A2F7 /* libPods-tmp3Tests.a */,
				E73468CB7056562CBB7BCF09 /* libPods-tmp3UITests.a */,
			);
			name = Frameworks;
			sourceTree = "<group>";
		};
		4B9A38B154881DF742C26DD0 /* Pods */ = {
			isa = PBXGroup;
			children = (
				985618A877A249F0E08BF1F4 /* Pods-tmp3.debug.xcconfig */,
				F86A9F6A10E6369D1B7DF755 /* Pods-tmp3.release.xcconfig */,
				F4E9267B9943515CB07E57CB /* Pods-tmp3Tests.debug.xcconfig */,
				FFBD8988329250F88878CD19 /* Pods-tmp3Tests.release.xcconfig */,
				53530994CD3E65B50B7E0A4A /* Pods-tmp3UITests.debug.xcconfig */,
				DFE52A1458A58D2B2608DD08 /* Pods-tmp3UITests.release.xcconfig */,
			);
			name = Pods;
			sourceTree = "<group>";
		};
/* End PBXGroup section */

/* Begin PBXNativeTarget section */
		00E88F921ED7E7210058B783 /* tmp3 */ = {
			isa = PBXNativeTarget;
			buildConfigurationList = 00E88FC01ED7E7210058B783 /* Build configuration list for PBXNativeTarget "tmp3" */;
			buildPhases = (
				F0D5243B19B915ECC8FBDF1F /* [CP] Check Pods Manifest.lock */,
				00E88F8F1ED7E7210058B783 /* Sources */,
				00E88F901ED7E7210058B783 /* Frameworks */,
				00E88F911ED7E7210058B783 /* Resources */,
				855D5CC8A84FFD8ED4729DF4 /* [CP] Embed Pods Frameworks */,
				14997D2ACE5F8DB9EA90914E /* [CP] Copy Pods Resources */,
			);
			buildRules = (
			);
			dependencies = (
			);
			name = tmp3;
			productName = tmp3;
			productReference = 00E88F931ED7E7210058B783 /* tmp3.app */;
			productType = "com.apple.product-type.application";
		};
		00E88FAB1ED7E7210058B783 /* tmp3Tests */ = {
			isa = PBXNativeTarget;
			buildConfigurationList = 00E88FC31ED7E7210058B783 /* Build configuration list for PBXNativeTarget "tmp3Tests" */;
			buildPhases = (
				85185F67F066ACB698DECC78 /* [CP] Check Pods Manifest.lock */,
				00E88FA81ED7E7210058B783 /* Sources */,
				00E88FA91ED7E7210058B783 /* Frameworks */,
				00E88FAA1ED7E7210058B783 /* Resources */,
				D1755AC8B35CE24627E27918 /* [CP] Embed Pods Frameworks */,
				A792C4DF19E96CA24C57BFB4 /* [CP] Copy Pods Resources */,
			);
			buildRules = (
			);
			dependencies = (
				00E88FAE1ED7E7210058B783 /* PBXTargetDependency */,
			);
			name = tmp3Tests;
			productName = tmp3Tests;
			productReference = 00E88FAC1ED7E7210058B783 /* tmp3Tests.xctest */;
			productType = "com.apple.product-type.bundle.unit-test";
		};
		00E88FB61ED7E7210058B783 /* tmp3UITests */ = {
			isa = PBXNativeTarget;
			buildConfigurationList = 00E88FC61ED7E7210058B783 /* Build configuration list for PBXNativeTarget "tmp3UITests" */;
			buildPhases = (
				C9EE4F2DF1F77538F888C681 /* [CP] Check Pods Manifest.lock */,
				00E88FB31ED7E7210058B783 /* Sources */,
				00E88FB41ED7E7210058B783 /* Frameworks */,
				00E88FB51ED7E7210058B783 /* Resources */,
				7F649008F66AAAB613E7497D /* [CP] Embed Pods Frameworks */,
				A1BBA9771A9D4AF701B72C0A /* [CP] Copy Pods Resources */,
			);
			buildRules = (
			);
			dependencies = (
				00E88FB91ED7E7210058B783 /* PBXTargetDependency */,
			);
			name = tmp3UITests;
			productName = tmp3UITests;
			productReference = 00E88FB71ED7E7210058B783 /* tmp3UITests.xctest */;
			productType = "com.apple.product-type.bundle.ui-testing";
		};
/* End PBXNativeTarget section */

/* Begin PBXProject section */
		00E88F8B1ED7E7210058B783 /* Project object */ = {
			isa = PBXProject;
			attributes = {
				LastUpgradeCheck = 0830;
				ORGANIZATIONNAME = idu;
				TargetAttributes = {
					00E88F921ED7E7210058B783 = {
						CreatedOnToolsVersion = 8.3.2;
						DevelopmentTeam = 4DXANW37EU;
						ProvisioningStyle = Automatic;
					};
					00E88FAB1ED7E7210058B783 = {
						CreatedOnToolsVersion = 8.3.2;
						DevelopmentTeam = 4DXANW37EU;
						ProvisioningStyle = Automatic;
						TestTargetID = 00E88F921ED7E7210058B783;
					};
					00E88FB61ED7E7210058B783 = {
						CreatedOnToolsVersion = 8.3.2;
						DevelopmentTeam = 4DXANW37EU;
						ProvisioningStyle = Automatic;
						TestTargetID = 00E88F921ED7E7210058B783;
					};
				};
			};
			buildConfigurationList = 00E88F8E1ED7E7210058B783 /* Build configuration list for PBXProject "tmp3" */;
			compatibilityVersion = "Xcode 3.2";
			developmentRegion = English;
			hasScannedForEncodings = 0;
			knownRegions = (
				en,
				Base,
			);
			mainGroup = 00E88F8A1ED7E7210058B783;
			productRefGroup = 00E88F941ED7E7210058B783 /* Products */;
			projectDirPath = "";
			projectRoot = "";
			targets = (
				00E88F921ED7E7210058B783 /* tmp3 */,
				00E88FAB1ED7E7210058B783 /* tmp3Tests */,
				00E88FB61ED7E7210058B783 /* tmp3UITests */,
			);
		};
/* End PBXProject section */

/* Begin PBXResourcesBuildPhase section */
		00E88F911ED7E7210058B783 /* Resources */ = {
			isa = PBXResourcesBuildPhase;
			buildActionMask = 2147483647;
			files = (
				00E88FA61ED7E7210058B783 /* LaunchScreen.storyboard in Resources */,
				00E88FA31ED7E7210058B783 /* Assets.xcassets in Resources */,
				00EE2E381ED98AA40066D81A /* RunTraceHelp.xib in Resources */,
				00E88FD91ED80E070058B783 /* 预览图片.png in Resources */,
				00E88FA11ED7E7210058B783 /* Main.storyboard in Resources */,
				00E88FD71ED806290058B783 /* IDULabel.png in Resources */,
			);
			runOnlyForDeploymentPostprocessing = 0;
		};
		00E88FAA1ED7E7210058B783 /* Resources */ = {
			isa = PBXResourcesBuildPhase;
			buildActionMask = 2147483647;
			files = (
			);
			runOnlyForDeploymentPostprocessing = 0;
		};
		00E88FB51ED7E7210058B783 /* Resources */ = {
			isa = PBXResourcesBuildPhase;
			buildActionMask = 2147483647;
			files = (
			);
			runOnlyForDeploymentPostprocessing = 0;
		};
/* End PBXResourcesBuildPhase section */

/* Begin PBXShellScriptBuildPhase section */
		14997D2ACE5F8DB9EA90914E /* [CP] Copy Pods Resources */ = {
			isa = PBXShellScriptBuildPhase;
			buildActionMask = 2147483647;
			files = (
			);
			inputPaths = (
			);
			name = "[CP] Copy Pods Resources";
			outputPaths = (
			);
			runOnlyForDeploymentPostprocessing = 0;
			shellPath = /bin/sh;
			shellScript = "\"${SRCROOT}/Pods/Target Support Files/Pods-tmp3/Pods-tmp3-resources.sh\"\n";
			showEnvVarsInLog = 0;
		};
		7F649008F66AAAB613E7497D /* [CP] Embed Pods Frameworks */ = {
			isa = PBXShellScriptBuildPhase;
			buildActionMask = 2147483647;
			files = (
			);
			inputPaths = (
			);
			name = "[CP] Embed Pods Frameworks";
			outputPaths = (
			);
			runOnlyForDeploymentPostprocessing = 0;
			shellPath = /bin/sh;
			shellScript = "\"${SRCROOT}/Pods/Target Support Files/Pods-tmp3UITests/Pods-tmp3UITests-frameworks.sh\"\n";
			showEnvVarsInLog = 0;
		};
		85185F67F066ACB698DECC78 /* [CP] Check Pods Manifest.lock */ = {
			isa = PBXShellScriptBuildPhase;
			buildActionMask = 2147483647;
			files = (
			);
			inputPaths = (
			);
			name = "[CP] Check Pods Manifest.lock";
			outputPaths = (
			);
			runOnlyForDeploymentPostprocessing = 0;
			shellPath = /bin/sh;
			shellScript = "diff \"${PODS_PODFILE_DIR_PATH}/Podfile.lock\" \"${PODS_ROOT}/Manifest.lock\" > /dev/null\nif [ $? != 0 ] ; then\n    # print error to STDERR\n    echo \"error: The sandbox is not in sync with the Podfile.lock. Run 'pod install' or update your CocoaPods installation.\" >&2\n    exit 1\nfi\n";
			showEnvVarsInLog = 0;
		};
		855D5CC8A84FFD8ED4729DF4 /* [CP] Embed Pods Frameworks */ = {
			isa = PBXShellScriptBuildPhase;
			buildActionMask = 2147483647;
			files = (
			);
			inputPaths = (
			);
			name = "[CP] Embed Pods Frameworks";
			outputPaths = (
			);
			runOnlyForDeploymentPostprocessing = 0;
			shellPath = /bin/sh;
			shellScript = "\"${SRCROOT}/Pods/Target Support Files/Pods-tmp3/Pods-tmp3-frameworks.sh\"\n";
			showEnvVarsInLog = 0;
		};
		A1BBA9771A9D4AF701B72C0A /* [CP] Copy Pods Resources */ = {
			isa = PBXShellScriptBuildPhase;
			buildActionMask = 2147483647;
			files = (
			);
			inputPaths = (
			);
			name = "[CP] Copy Pods Resources";
			outputPaths = (
			);
			runOnlyForDeploymentPostprocessing = 0;
			shellPath = /bin/sh;
			shellScript = "\"${SRCROOT}/Pods/Target Support Files/Pods-tmp3UITests/Pods-tmp3UITests-resources.sh\"\n";
			showEnvVarsInLog = 0;
		};
		A792C4DF19E96CA24C57BFB4 /* [CP] Copy Pods Resources */ = {
			isa = PBXShellScriptBuildPhase;
			buildActionMask = 2147483647;
			files = (
			);
			inputPaths = (
			);
			name = "[CP] Copy Pods Resources";
			outputPaths = (
			);
			runOnlyForDeploymentPostprocessing = 0;
			shellPath = /bin/sh;
			shellScript = "\"${SRCROOT}/Pods/Target Support Files/Pods-tmp3Tests/Pods-tmp3Tests-resources.sh\"\n";
			showEnvVarsInLog = 0;
		};
		C9EE4F2DF1F77538F888C681 /* [CP] Check Pods Manifest.lock */ = {
			isa = PBXShellScriptBuildPhase;
			buildActionMask = 2147483647;
			files = (
			);
			inputPaths = (
			);
			name = "[CP] Check Pods Manifest.lock";
			outputPaths = (
			);
			runOnlyForDeploymentPostprocessing = 0;
			shellPath = /bin/sh;
			shellScript = "diff \"${PODS_PODFILE_DIR_PATH}/Podfile.lock\" \"${PODS_ROOT}/Manifest.lock\" > /dev/null\nif [ $? != 0 ] ; then\n    # print error to STDERR\n    echo \"error: The sandbox is not in sync with the Podfile.lock. Run 'pod install' or update your CocoaPods installation.\" >&2\n    exit 1\nfi\n";
			showEnvVarsInLog = 0;
		};
		D1755AC8B35CE24627E27918 /* [CP] Embed Pods Frameworks */ = {
			isa = PBXShellScriptBuildPhase;
			buildActionMask = 2147483647;
			files = (
			);
			inputPaths = (
			);
			name = "[CP] Embed Pods Frameworks";
			outputPaths = (
			);
			runOnlyForDeploymentPostprocessing = 0;
			shellPath = /bin/sh;
			shellScript = "\"${SRCROOT}/Pods/Target Support Files/Pods-tmp3Tests/Pods-tmp3Tests-frameworks.sh\"\n";
			showEnvVarsInLog = 0;
		};
		F0D5243B19B915ECC8FBDF1F /* [CP] Check Pods Manifest.lock */ = {
			isa = PBXShellScriptBuildPhase;
			buildActionMask = 2147483647;
			files = (
			);
			inputPaths = (
			);
			name = "[CP] Check Pods Manifest.lock";
			outputPaths = (
			);
			runOnlyForDeploymentPostprocessing = 0;
			shellPath = /bin/sh;
			shellScript = "diff \"${PODS_PODFILE_DIR_PATH}/Podfile.lock\" \"${PODS_ROOT}/Manifest.lock\" > /dev/null\nif [ $? != 0 ] ; then\n    # print error to STDERR\n    echo \"error: The sandbox is not in sync with the Podfile.lock. Run 'pod install' or update your CocoaPods installation.\" >&2\n    exit 1\nfi\n";
			showEnvVarsInLog = 0;
		};
/* End PBXShellScriptBuildPhase section */

/* Begin PBXSourcesBuildPhase section */
		00E88F8F1ED7E7210058B783 /* Sources */ = {
			isa = PBXSourcesBuildPhase;
			buildActionMask = 2147483647;
			files = (
				00E88F9E1ED7E7210058B783 /* ViewController.m in Sources */,
				00E88FD01ED806000058B783 /* IDULabelUtilities.m in Sources */,
				00E88FCF1ED806000058B783 /* IDULabel.m in Sources */,
				00EE2E371ED98AA40066D81A /* RunTraceHelp.m in Sources */,
				00EE2E361ED98AA40066D81A /* RunTrace.m in Sources */,
				00E88F9B1ED7E7210058B783 /* AppDelegate.m in Sources */,
				00E88F981ED7E7210058B783 /* main.m in Sources */,
			);
			runOnlyForDeploymentPostprocessing = 0;
		};
		00E88FA81ED7E7210058B783 /* Sources */ = {
			isa = PBXSourcesBuildPhase;
			buildActionMask = 2147483647;
			files = (
				00E88FB11ED7E7210058B783 /* tmp3Tests.m in Sources */,
			);
			runOnlyForDeploymentPostprocessing = 0;
		};
		00E88FB31ED7E7210058B783 /* Sources */ = {
			isa = PBXSourcesBuildPhase;
			buildActionMask = 2147483647;
			files = (
				00E88FBC1ED7E7210058B783 /* tmp3UITests.m in Sources */,
			);
			runOnlyForDeploymentPostprocessing = 0;
		};
/* End PBXSourcesBuildPhase section */

/* Begin PBXTargetDependency section */
		00E88FAE1ED7E7210058B783 /* PBXTargetDependency */ = {
			isa = PBXTargetDependency;
			target = 00E88F921ED7E7210058B783 /* tmp3 */;
			targetProxy = 00E88FAD1ED7E7210058B783 /* PBXContainerItemProxy */;
		};
		00E88FB91ED7E7210058B783 /* PBXTargetDependency */ = {
			isa = PBXTargetDependency;
			target = 00E88F921ED7E7210058B783 /* tmp3 */;
			targetProxy = 00E88FB81ED7E7210058B783 /* PBXContainerItemProxy */;
		};
/* End PBXTargetDependency section */

/* Begin PBXVariantGroup section */
		00E88F9F1ED7E7210058B783 /* Main.storyboard */ = {
			isa = PBXVariantGroup;
			children = (
				00E88FA01ED7E7210058B783 /* Base */,
			);
			name = Main.storyboard;
			sourceTree = "<group>";
		};
		00E88FA41ED7E7210058B783 /* LaunchScreen.storyboard */ = {
			isa = PBXVariantGroup;
			children = (
				00E88FA51ED7E7210058B783 /* Base */,
			);
			name = LaunchScreen.storyboard;
			sourceTree = "<group>";
		};
/* End PBXVariantGroup section */

/* Begin XCBuildConfiguration section */
		00E88FBE1ED7E7210058B783 /* Debug */ = {
			isa = XCBuildConfiguration;
			buildSettings = {
				ALWAYS_SEARCH_USER_PATHS = NO;
				CLANG_ANALYZER_NONNULL = YES;
				CLANG_ANALYZER_NUMBER_OBJECT_CONVERSION = YES_AGGRESSIVE;
				CLANG_CXX_LANGUAGE_STANDARD = "gnu++0x";
				CLANG_CXX_LIBRARY = "libc++";
				CLANG_ENABLE_MODULES = YES;
				CLANG_ENABLE_OBJC_ARC = YES;
				CLANG_WARN_BOOL_CONVERSION = YES;
				CLANG_WARN_CONSTANT_CONVERSION = YES;
				CLANG_WARN_DIRECT_OBJC_ISA_USAGE = YES_ERROR;
				CLANG_WARN_DOCUMENTATION_COMMENTS = YES;
				CLANG_WARN_EMPTY_BODY = YES;
				CLANG_WARN_ENUM_CONVERSION = YES;
				CLANG_WARN_INFINITE_RECURSION = YES;
				CLANG_WARN_INT_CONVERSION = YES;
				CLANG_WARN_OBJC_ROOT_CLASS = YES_ERROR;
				CLANG_WARN_SUSPICIOUS_MOVE = YES;
				CLANG_WARN_UNREACHABLE_CODE = YES;
				CLANG_WARN__DUPLICATE_METHOD_MATCH = YES;
				"CODE_SIGN_IDENTITY[sdk=iphoneos*]" = "iPhone Developer";
				COPY_PHASE_STRIP = NO;
				DEBUG_INFORMATION_FORMAT = dwarf;
				ENABLE_STRICT_OBJC_MSGSEND = YES;
				ENABLE_TESTABILITY = YES;
				GCC_C_LANGUAGE_STANDARD = gnu99;
				GCC_DYNAMIC_NO_PIC = NO;
				GCC_NO_COMMON_BLOCKS = YES;
				GCC_OPTIMIZATION_LEVEL = 0;
				GCC_PREPROCESSOR_DEFINITIONS = (
					"DEBUG=1",
					"$(inherited)",
				);
				GCC_WARN_64_TO_32_BIT_CONVERSION = YES;
				GCC_WARN_ABOUT_RETURN_TYPE = YES_ERROR;
				GCC_WARN_UNDECLARED_SELECTOR = YES;
				GCC_WARN_UNINITIALIZED_AUTOS = YES_AGGRESSIVE;
				GCC_WARN_UNUSED_FUNCTION = YES;
				GCC_WARN_UNUSED_VARIABLE = YES;
				IPHONEOS_DEPLOYMENT_TARGET = 10.3;
				MTL_ENABLE_DEBUG_INFO = YES;
				ONLY_ACTIVE_ARCH = YES;
				SDKROOT = iphoneos;
				TARGETED_DEVICE_FAMILY = "1,2";
			};
			name = Debug;
		};
		00E88FBF1ED7E7210058B783 /* Release */ = {
			isa = XCBuildConfiguration;
			buildSettings = {
				ALWAYS_SEARCH_USER_PATHS = NO;
				CLANG_ANALYZER_NONNULL = YES;
				CLANG_ANALYZER_NUMBER_OBJECT_CONVERSION = YES_AGGRESSIVE;
				CLANG_CXX_LANGUAGE_STANDARD = "gnu++0x";
				CLANG_CXX_LIBRARY = "libc++";
				CLANG_ENABLE_MODULES = YES;
				CLANG_ENABLE_OBJC_ARC = YES;
				CLANG_WARN_BOOL_CONVERSION = YES;
				CLANG_WARN_CONSTANT_CONVERSION = YES;
				CLANG_WARN_DIRECT_OBJC_ISA_USAGE = YES_ERROR;
				CLANG_WARN_DOCUMENTATION_COMMENTS = YES;
				CLANG_WARN_EMPTY_BODY = YES;
				CLANG_WARN_ENUM_CONVERSION = YES;
				CLANG_WARN_INFINITE_RECURSION = YES;
				CLANG_WARN_INT_CONVERSION = YES;
				CLANG_WARN_OBJC_ROOT_CLASS = YES_ERROR;
				CLANG_WARN_SUSPICIOUS_MOVE = YES;
				CLANG_WARN_UNREACHABLE_CODE = YES;
				CLANG_WARN__DUPLICATE_METHOD_MATCH = YES;
				"CODE_SIGN_IDENTITY[sdk=iphoneos*]" = "iPhone Developer";
				COPY_PHASE_STRIP = NO;
				DEBUG_INFORMATION_FORMAT = "dwarf-with-dsym";
				ENABLE_NS_ASSERTIONS = NO;
				ENABLE_STRICT_OBJC_MSGSEND = YES;
				GCC_C_LANGUAGE_STANDARD = gnu99;
				GCC_NO_COMMON_BLOCKS = YES;
				GCC_WARN_64_TO_32_BIT_CONVERSION = YES;
				GCC_WARN_ABOUT_RETURN_TYPE = YES_ERROR;
				GCC_WARN_UNDECLARED_SELECTOR = YES;
				GCC_WARN_UNINITIALIZED_AUTOS = YES_AGGRESSIVE;
				GCC_WARN_UNUSED_FUNCTION = YES;
				GCC_WARN_UNUSED_VARIABLE = YES;
				IPHONEOS_DEPLOYMENT_TARGET = 10.3;
				MTL_ENABLE_DEBUG_INFO = NO;
				SDKROOT = iphoneos;
				TARGETED_DEVICE_FAMILY = "1,2";
				VALIDATE_PRODUCT = YES;
			};
			name = Release;
		};
		00E88FC11ED7E7210058B783 /* Debug */ = {
			isa = XCBuildConfiguration;
			baseConfigurationReference = 985618A877A249F0E08BF1F4 /* Pods-tmp3.debug.xcconfig */;
			buildSettings = {
				ASSETCATALOG_COMPILER_APPICON_NAME = AppIcon;
				DEVELOPMENT_TEAM = 4DXANW37EU;
				INFOPLIST_FILE = tmp3/Info.plist;
				LD_RUNPATH_SEARCH_PATHS = "$(inherited) @executable_path/Frameworks";
				PRODUCT_BUNDLE_IDENTIFIER = idu.tmp3;
				PRODUCT_NAME = "$(TARGET_NAME)";
			};
			name = Debug;
		};
		00E88FC21ED7E7210058B783 /* Release */ = {
			isa = XCBuildConfiguration;
			baseConfigurationReference = F86A9F6A10E6369D1B7DF755 /* Pods-tmp3.release.xcconfig */;
			buildSettings = {
				ASSETCATALOG_COMPILER_APPICON_NAME = AppIcon;
				DEVELOPMENT_TEAM = 4DXANW37EU;
				INFOPLIST_FILE = tmp3/Info.plist;
				LD_RUNPATH_SEARCH_PATHS = "$(inherited) @executable_path/Frameworks";
				PRODUCT_BUNDLE_IDENTIFIER = idu.tmp3;
				PRODUCT_NAME = "$(TARGET_NAME)";
			};
			name = Release;
		};
		00E88FC41ED7E7210058B783 /* Debug */ = {
			isa = XCBuildConfiguration;
			baseConfigurationReference = F4E9267B9943515CB07E57CB /* Pods-tmp3Tests.debug.xcconfig */;
			buildSettings = {
				BUNDLE_LOADER = "$(TEST_HOST)";
				DEVELOPMENT_TEAM = 4DXANW37EU;
				INFOPLIST_FILE = tmp3Tests/Info.plist;
				LD_RUNPATH_SEARCH_PATHS = "$(inherited) @executable_path/Frameworks @loader_path/Frameworks";
				PRODUCT_BUNDLE_IDENTIFIER = idu.tmp3Tests;
				PRODUCT_NAME = "$(TARGET_NAME)";
				TEST_HOST = "$(BUILT_PRODUCTS_DIR)/tmp3.app/tmp3";
			};
			name = Debug;
		};
		00E88FC51ED7E7210058B783 /* Release */ = {
			isa = XCBuildConfiguration;
			baseConfigurationReference = FFBD8988329250F88878CD19 /* Pods-tmp3Tests.release.xcconfig */;
			buildSettings = {
				BUNDLE_LOADER = "$(TEST_HOST)";
				DEVELOPMENT_TEAM = 4DXANW37EU;
				INFOPLIST_FILE = tmp3Tests/Info.plist;
				LD_RUNPATH_SEARCH_PATHS = "$(inherited) @executable_path/Frameworks @loader_path/Frameworks";
				PRODUCT_BUNDLE_IDENTIFIER = idu.tmp3Tests;
				PRODUCT_NAME = "$(TARGET_NAME)";
				TEST_HOST = "$(BUILT_PRODUCTS_DIR)/tmp3.app/tmp3";
			};
			name = Release;
		};
		00E88FC71ED7E7210058B783 /* Debug */ = {
			isa = XCBuildConfiguration;
			baseConfigurationReference = 53530994CD3E65B50B7E0A4A /* Pods-tmp3UITests.debug.xcconfig */;
			buildSettings = {
				DEVELOPMENT_TEAM = 4DXANW37EU;
				INFOPLIST_FILE = tmp3UITests/Info.plist;
				LD_RUNPATH_SEARCH_PATHS = "$(inherited) @executable_path/Frameworks @loader_path/Frameworks";
				PRODUCT_BUNDLE_IDENTIFIER = idu.tmp3UITests;
				PRODUCT_NAME = "$(TARGET_NAME)";
				TEST_TARGET_NAME = tmp3;
			};
			name = Debug;
		};
		00E88FC81ED7E7210058B783 /* Release */ = {
			isa = XCBuildConfiguration;
			baseConfigurationReference = DFE52A1458A58D2B2608DD08 /* Pods-tmp3UITests.release.xcconfig */;
			buildSettings = {
				DEVELOPMENT_TEAM = 4DXANW37EU;
				INFOPLIST_FILE = tmp3UITests/Info.plist;
				LD_RUNPATH_SEARCH_PATHS = "$(inherited) @executable_path/Frameworks @loader_path/Frameworks";
				PRODUCT_BUNDLE_IDENTIFIER = idu.tmp3UITests;
				PRODUCT_NAME = "$(TARGET_NAME)";
				TEST_TARGET_NAME = tmp3;
			};
			name = Release;
		};
/* End XCBuildConfiguration section */

/* Begin XCConfigurationList section */
		00E88F8E1ED7E7210058B783 /* Build configuration list for PBXProject "tmp3" */ = {
			isa = XCConfigurationList;
			buildConfigurations = (
				00E88FBE1ED7E7210058B783 /* Debug */,
				00E88FBF1ED7E7210058B783 /* Release */,
			);
			defaultConfigurationIsVisible = 0;
			defaultConfigurationName = Release;
		};
		00E88FC01ED7E7210058B783 /* Build configuration list for PBXNativeTarget "tmp3" */ = {
			isa = XCConfigurationList;
			buildConfigurations = (
				00E88FC11ED7E7210058B783 /* Debug */,
				00E88FC21ED7E7210058B783 /* Release */,
			);
			defaultConfigurationIsVisible = 0;
			defaultConfigurationName = Release;
		};
		00E88FC31ED7E7210058B783 /* Build configuration list for PBXNativeTarget "tmp3Tests" */ = {
			isa = XCConfigurationList;
			buildConfigurations = (
				00E88FC41ED7E7210058B783 /* Debug */,
				00E88FC51ED7E7210058B783 /* Release */,
			);
			defaultConfigurationIsVisible = 0;
			defaultConfigurationName = Release;
		};
		00E88FC61ED7E7210058B783 /* Build configuration list for PBXNativeTarget "tmp3UITests" */ = {
			isa = XCConfigurationList;
			buildConfigurations = (
				00E88FC71ED7E7210058B783 /* Debug */,
				00E88FC81ED7E7210058B783 /* Release */,
			);
			defaultConfigurationIsVisible = 0;
			defaultConfigurationName = Release;
		};
/* End XCConfigurationList section */
	};
	rootObject = 00E88F8B1ED7E7210058B783 /* Project object */;
}
